{
	"name": "legal-os",
	"lockfileVersion": 3,
	"requires": true,
	"packages": {
		"": {
			"dependencies": {
				"clsx": "^2.1.1",
				"lucide-react": "^0.575.0",
				"tailwind-merge": "^3.5.0",
				"turbo": "^2.8.11"
			}
		},
		"node_modules/clsx": {
			"version": "2.1.1",
			"resolved": "https://registry.npmjs.org/clsx/-/clsx-2.1.1.tgz",
			"integrity": "sha512-eYm0QWBtUrBWZWG0d386OGAw16Z995PiOVo2B7bjWSbHedGl5e0ZWaq65kOGgUSNesEIDkB9ISbTg/JK9dhCZA==",
			"license": "MIT",
			"engines": {
				"node": ">=6"
			}
		},
		"node_modules/lucide-react": {
			"version": "0.575.0",
			"resolved": "https://registry.npmjs.org/lucide-react/-/lucide-react-0.575.0.tgz",
			"integrity": "sha512-VuXgKZrk0uiDlWjGGXmKV6MSk9Yy4l10qgVvzGn2AWBx1Ylt0iBexKOAoA6I7JO3m+M9oeovJd3yYENfkUbOeg==",
			"license": "ISC",
			"peerDependencies": {
				"react": "^16.5.1 || ^17.0.0 || ^18.0.0 || ^19.0.0"
			}
		},
		"node_modules/react": {
			"version": "19.2.0",
			"license": "MIT",
			"peer": true,
			"engines": {
				"node": ">=0.10.0"
			}
		},
		"node_modules/tailwind-merge": {
			"version": "3.5.0",
			"resolved": "https://registry.npmjs.org/tailwind-merge/-/tailwind-merge-3.5.0.tgz",
			"integrity": "sha512-I8K9wewnVDkL1NTGoqWmVEIlUcB9gFriAEkXkfCjX5ib8ezGxtR3xD7iZIxrfArjEsH7F1CHD4RFUtxefdqV/A==",
			"license": "MIT",
			"funding": {
				"type": "github",
				"url": "https://github.com/sponsors/dcastil"
			}
		},
		"node_modules/turbo": {
			"version": "2.8.11",
			"license": "MIT",
			"bin": {
				"turbo": "bin/turbo"
			},
			"optionalDependencies": {
				"turbo-darwin-64": "2.8.11",
				"turbo-darwin-arm64": "2.8.11",
				"turbo-linux-64": "2.8.11",
				"turbo-linux-arm64": "2.8.11",
				"turbo-windows-64": "2.8.11",
				"turbo-windows-arm64": "2.8.11"
			}
		},
		"node_modules/turbo-darwin-64": {
			"version": "2.8.11",
			"resolved": "https://registry.npmjs.org/turbo-darwin-64/-/turbo-darwin-64-2.8.11.tgz",
			"integrity": "sha512-XKaCWaz4OCt77oYYvGCIRpvYD4c/aNaKjRkUpv+e8rN3RZb+5Xsyew4yRO+gaHdMIUhQznXNXfHlhs+/p7lIhA==",
			"cpu": [
				"x64"
			],
			"license": "MIT",
			"optional": true,
			"os": [
				"darwin"
			]
		},
		"node_modules/turbo-darwin-arm64": {
			"version": "2.8.11",
			"resolved": "https://registry.npmjs.org/turbo-darwin-arm64/-/turbo-darwin-arm64-2.8.11.tgz",
			"integrity": "sha512-VvynLHGUNvQ9k7GZjRPSsRcK4VkioTfFb7O7liAk4nHKjEcMdls7GqxzjVWgJiKz3hWmQGaP9hRa9UUnhVWCxA==",
			"cpu": [
				"arm64"
			],
			"license": "MIT",
			"optional": true,
			"os": [
				"darwin"
			]
		},
		"node_modules/turbo-linux-64": {
			"version": "2.8.11",
			"cpu": [
				"x64"
			],
			"license": "MIT",
			"optional": true,
			"os": [
				"linux"
			]
		},
		"node_modules/turbo-linux-arm64": {
			"version": "2.8.11",
			"resolved": "https://registry.npmjs.org/turbo-linux-arm64/-/turbo-linux-arm64-2.8.11.tgz",
			"integrity": "sha512-+trymp2s2aBrhS04l6qFxcExzZ8ffndevuUB9c5RCeqsVpZeiWuGQlWNm5XjOmzoMayxRARZ5ma7yiWbGMiLqQ==",
			"cpu": [
				"arm64"
			],
			"license": "MIT",
			"optional": true,
			"os": [
				"linux"
			]
		},
		"node_modules/turbo-windows-64": {
			"version": "2.8.11",
			"resolved": "https://registry.npmjs.org/turbo-windows-64/-/turbo-windows-64-2.8.11.tgz",
			"integrity": "sha512-3kJjFSM4yw1n9Uzmi+XkAUgCae19l/bH6RJ442xo7mnZm0tpOjo33F+FYHoSVpIWVMd0HG0LDccyafPSdylQbA==",
			"cpu": [
				"x64"
			],
			"license": "MIT",
			"optional": true,
			"os": [
				"win32"
			]
		},
		"node_modules/turbo-windows-arm64": {
			"version": "2.8.11",
			"resolved": "https://registry.npmjs.org/turbo-windows-arm64/-/turbo-windows-arm64-2.8.11.tgz",
			"integrity": "sha512-JOM4uF2vuLsJUvibdR6X9QqdZr6BhC6Nhlrw4LKFPsXZZI/9HHLoqAiYRpE4MuzIwldCH/jVySnWXrI1SKto0g==",
			"cpu": [
				"arm64"
			],
			"license": "MIT",
			"optional": true,
			"os": [
				"win32"
			]
		}
	}
}
